// !$*UTF8*$!
{
	archiveVersion = 1;
	classes = {
	};
	objectVersion = 56;
	objects = {

/* Begin PBXBuildFile section */
		166BFC1B29DE5F8900E8F2E1 /* BookInfoClientApp.swift in Sources */ = {isa = PBXBuildFile; fileRef = 166BFC1A29DE5F8900E8F2E1 /* BookInfoClientApp.swift */; };
		166BFC1D29DE5F8900E8F2E1 /* ContentView.swift in Sources */ = {isa = PBXBuildFile; fileRef = 166BFC1C29DE5F8900E8F2E1 /* ContentView.swift */; };
		166BFC1F29DE5F8A00E8F2E1 /* Assets.xcassets in Resources */ = {isa = PBXBuildFile; fileRef = 166BFC1E29DE5F8A00E8F2E1 /* Assets.xcassets */; };
		166BFC2229DE5F8A00E8F2E1 /* Preview Assets.xcassets in Resources */ = {isa = PBXBuildFile; fileRef = 166BFC2129DE5F8A00E8F2E1 /* Preview Assets.xcassets */; };
		166BFC2A29DE707D00E8F2E1 /* GRPC in Frameworks */ = {isa = PBXBuildFile; productRef = 166BFC2929DE707D00E8F2E1 /* GRPC */; };
		166BFC2C29DE707D00E8F2E1 /* protoc-gen-grpc-swift in Frameworks */ = {isa = PBXBuildFile; productRef = 166BFC2B29DE707D00E8F2E1 /* protoc-gen-grpc-swift */; };
		166BFC2F29DE8FCC00E8F2E1 /* bookinfo.pb.swift in Sources */ = {isa = PBXBuildFile; fileRef = 166BFC2D29DE8FCB00E8F2E1 /* bookinfo.pb.swift */; };
		166BFC3029DE8FCC00E8F2E1 /* bookinfo.grpc.swift in Sources */ = {isa = PBXBuildFile; fileRef = 166BFC2E29DE8FCB00E8F2E1 /* bookinfo.grpc.swift */; };
/* End PBXBuildFile section */

/* Begin PBXFileReference section */
		166BFC1729DE5F8900E8F2E1 /* BookInfoClient.app */ = {isa = PBXFileReference; explicitFileType = wrapper.application; includeInIndex = 0; path = BookInfoClient.app; sourceTree = BUILT_PRODUCTS_DIR; };
		166BFC1A29DE5F8900E8F2E1 /* BookInfoClientApp.swift */ = {isa = PBXFileReference; lastKnownFileType = sourcecode.swift; path = BookInfoClientApp.swift; sourceTree = "<group>"; };
		166BFC1C29DE5F8900E8F2E1 /* ContentView.swift */ = {isa = PBXFileReference; lastKnownFileType = sourcecode.swift; path = ContentView.swift; sourceTree = "<group>"; };
		166BFC1E29DE5F8A00E8F2E1 /* Assets.xcassets */ = {isa = PBXFileReference; lastKnownFileType = folder.assetcatalog; path = Assets.xcassets; sourceTree = "<group>"; };
		166BFC2129DE5F8A00E8F2E1 /* Preview Assets.xcassets */ = {isa = PBXFileReference; lastKnownFileType = folder.assetcatalog; path = "Preview Assets.xcassets"; sourceTree = "<group>"; };
		166BFC2D29DE8FCB00E8F2E1 /* bookinfo.pb.swift */ = {isa = PBXFileReference; fileEncoding = 4; lastKnownFileType = sourcecode.swift; path = bookinfo.pb.swift; sourceTree = "<group>"; };
		166BFC2E29DE8FCB00E8F2E1 /* bookinfo.grpc.swift */ = {isa = PBXFileReference; fileEncoding = 4; lastKnownFileType = sourcecode.swift; path = bookinfo.grpc.swift; sourceTree = "<group>"; };
/* End PBXFileReference section */

/* Begin PBXFrameworksBuildPhase section */
		166BFC1429DE5F8900E8F2E1 /* Frameworks */ = {
			isa = PBXFrameworksBuildPhase;
			buildActionMask = 2147483647;
			files = (
				166BFC2C29DE707D00E8F2E1 /* protoc-gen-grpc-swift in Frameworks */,
				166BFC2A29DE707D00E8F2E1 /* GRPC in Frameworks */,
			);
			runOnlyForDeploymentPostprocessing = 0;
		};
/* End PBXFrameworksBuildPhase section */

/* Begin PBXGroup section */
		166BFC0E29DE5F8900E8F2E1 = {
			isa = PBXGroup;
			children = (
				166BFC1929DE5F8900E8F2E1 /* BookInfoClient */,
				166BFC1829DE5F8900E8F2E1 /* Products */,
			);
			sourceTree = "<group>";
		};
		166BFC1829DE5F8900E8F2E1 /* Products */ = {
			isa = PBXGroup;
			children = (
				166BFC1729DE5F8900E8F2E1 /* BookInfoClient.app */,
			);
			name = Products;
			sourceTree = "<group>";
		};
		166BFC1929DE5F8900E8F2E1 /* BookInfoClient */ = {
			isa = PBXGroup;
			children = (
				166BFC1A29DE5F8900E8F2E1 /* BookInfoClientApp.swift */,
				166BFC1C29DE5F8900E8F2E1 /* ContentView.swift */,
				166BFC2E29DE8FCB00E8F2E1 /* bookinfo.grpc.swift */,
				166BFC2D29DE8FCB00E8F2E1 /* bookinfo.pb.swift */,
				166BFC1E29DE5F8A00E8F2E1 /* Assets.xcassets */,
				166BFC2029DE5F8A00E8F2E1 /* Preview Content */,
			);
			path = BookInfoClient;
			sourceTree = "<group>";
		};
		166BFC2029DE5F8A00E8F2E1 /* Preview Content */ = {
			isa = PBXGroup;
			children = (
				166BFC2129DE5F8A00E8F2E1 /* Preview Assets.xcassets */,
			);
			path = "Preview Content";
			sourceTree = "<group>";
		};
/* End PBXGroup section */

/* Begin PBXNativeTarget section */
		166BFC1629DE5F8900E8F2E1 /* BookInfoClient */ = {
			isa = PBXNativeTarget;
			buildConfigurationList = 166BFC2529DE5F8A00E8F2E1 /* Build configuration list for PBXNativeTarget "BookInfoClient" */;
			buildPhases = (
				166BFC1329DE5F8900E8F2E1 /* Sources */,
				166BFC1429DE5F8900E8F2E1 /* Frameworks */,
				166BFC1529DE5F8900E8F2E1 /* Resources */,
			);
			buildRules = (
			);
			dependencies = (
			);
			name = BookInfoClient;
			packageProductDependencies = (
				166BFC2929DE707D00E8F2E1 /* GRPC */,
				166BFC2B29DE707D00E8F2E1 /* protoc-gen-grpc-swift */,
			);
			productName = BookInfoClient;
			productReference = 166BFC1729DE5F8900E8F2E1 /* BookInfoClient.app */;
			productType = "com.apple.product-type.application";
		};
/* End PBXNativeTarget section */

/* Begin PBXProject section */
		166BFC0F29DE5F8900E8F2E1 /* Project object */ = {
			isa = PBXProject;
			attributes = {
				BuildIndependentTargetsInParallel = 1;
				LastSwiftUpdateCheck = 1430;
				LastUpgradeCheck = 1430;
				TargetAttributes = {
					166BFC1629DE5F8900E8F2E1 = {
						CreatedOnToolsVersion = 14.3;
					};
				};
			};
			buildConfigurationList = 166BFC1229DE5F8900E8F2E1 /* Build configuration list for PBXProject "BookInfoClient" */;
			compatibilityVersion = "Xcode 14.0";
			developmentRegion = en;
			hasScannedForEncodings = 0;
			knownRegions = (
				en,
				Base,
			);
			mainGroup = 166BFC0E29DE5F8900E8F2E1;
			packageReferences = (
				166BFC2829DE707D00E8F2E1 /* XCRemoteSwiftPackageReference "grpc-swift" */,
			);
			productRefGroup = 166BFC1829DE5F8900E8F2E1 /* Products */;
			projectDirPath = "";
			projectRoot = "";
			targets = (
				166BFC1629DE5F8900E8F2E1 /* BookInfoClient */,
			);
		};
/* End PBXProject section */

/* Begin PBXResourcesBuildPhase section */
		166BFC1529DE5F8900E8F2E1 /* Resources */ = {
			isa = PBXResourcesBuildPhase;
			buildActionMask = 2147483647;
			files = (
				166BFC2229DE5F8A00E8F2E1 /* Preview Assets.xcassets in Resources */,
				166BFC1F29DE5F8A00E8F2E1 /* Assets.xcassets in Resources */,
			);
			runOnlyForDeploymentPostprocessing = 0;
		};
/* End PBXResourcesBuildPhase section */

/* Begin PBXSourcesBuildPhase section */
		166BFC1329DE5F8900E8F2E1 /* Sources */ = {
			isa = PBXSourcesBuildPhase;
			buildActionMask = 2147483647;
			files = (
				166BFC1D29DE5F8900E8F2E1 /* ContentView.swift in Sources */,
				166BFC2F29DE8FCC00E8F2E1 /* bookinfo.pb.swift in Sources */,
				166BFC1B29DE5F8900E8F2E1 /* BookInfoClientApp.swift in Sources */,
				166BFC3029DE8FCC00E8F2E1 /* bookinfo.grpc.swift in Sources */,
			);
			runOnlyForDeploymentPostprocessing = 0;
		};
/* End PBXSourcesBuildPhase section */

/* Begin XCBuildConfiguration section */
		166BFC2329DE5F8A00E8F2E1 /* Debug */ = {
			isa = XCBuildConfiguration;
			buildSettings = {
				ALWAYS_SEARCH_USER_PATHS = NO;
				CLANG_ANALYZER_NONNULL = YES;
				CLANG_ANALYZER_NUMBER_OBJECT_CONVERSION = YES_AGGRESSIVE;
				CLANG_CXX_LANGUAGE_STANDARD = "gnu++20";
				CLANG_ENABLE_MODULES = YES;
				CLANG_ENABLE_OBJC_ARC = YES;
				CLANG_ENABLE_OBJC_WEAK = YES;
				CLANG_WARN_BLOCK_CAPTURE_AUTORELEASING = YES;
				CLANG_WARN_BOOL_CONVERSION = YES;
				CLANG_WARN_COMMA = YES;
				CLANG_WARN_CONSTANT_CONVERSION = YES;
				CLANG_WARN_DEPRECATED_OBJC_IMPLEMENTATIONS = YES;
				CLANG_WARN_DIRECT_OBJC_ISA_USAGE = YES_ERROR;
				CLANG_WARN_DOCUMENTATION_COMMENTS = YES;
				CLANG_WARN_EMPTY_BODY = YES;
				CLANG_WARN_ENUM_CONVERSION = YES;
				CLANG_WARN_INFINITE_RECURSION = YES;
				CLANG_WARN_INT_CONVERSION = YES;
				CLANG_WARN_NON_LITERAL_NULL_CONVERSION = YES;
				CLANG_WARN_OBJC_IMPLICIT_RETAIN_SELF = YES;
				CLANG_WARN_OBJC_LITERAL_CONVERSION = YES;
				CLANG_WARN_OBJC_ROOT_CLASS = YES_ERROR;
				CLANG_WARN_QUOTED_INCLUDE_IN_FRAMEWORK_HEADER = YES;
				CLANG_WARN_RANGE_LOOP_ANALYSIS = YES;
				CLANG_WARN_STRICT_PROTOTYPES = YES;
				CLANG_WARN_SUSPICIOUS_MOVE = YES;
				CLANG_WARN_UNGUARDED_AVAILABILITY = YES_AGGRESSIVE;
				CLANG_WARN_UNREACHABLE_CODE = YES;
				CLANG_WARN__DUPLICATE_METHOD_MATCH = YES;
				COPY_PHASE_STRIP = NO;
				DEBUG_INFORMATION_FORMAT = dwarf;
				ENABLE_STRICT_OBJC_MSGSEND = YES;
				ENABLE_TESTABILITY = YES;
				GCC_C_LANGUAGE_STANDARD = gnu11;
				GCC_DYNAMIC_NO_PIC = NO;
				GCC_NO_COMMON_BLOCKS = YES;
				GCC_OPTIMIZATION_LEVEL = 0;
				GCC_PREPROCESSOR_DEFINITIONS = (
					"DEBUG=1",
					"$(inherited)",
				);
				GCC_WARN_64_TO_32_BIT_CONVERSION = YES;
				GCC_WARN_ABOUT_RETURN_TYPE = YES_ERROR;
				GCC_WARN_UNDECLARED_SELECTOR = YES;
				GCC_WARN_UNINITIALIZED_AUTOS = YES_AGGRESSIVE;
				GCC_WARN_UNUSED_FUNCTION = YES;
				GCC_WARN_UNUSED_VARIABLE = YES;
				IPHONEOS_DEPLOYMENT_TARGET = 16.4;
				MTL_ENABLE_DEBUG_INFO = INCLUDE_SOURCE;
				MTL_FAST_MATH = YES;
				ONLY_ACTIVE_ARCH = YES;
				SDKROOT = iphoneos;
				SWIFT_ACTIVE_COMPILATION_CONDITIONS = DEBUG;
				SWIFT_OPTIMIZATION_LEVEL = "-Onone";
			};
			name = Debug;
		};
		166BFC2429DE5F8A00E8F2E1 /* Release */ = {
			isa = XCBuildConfiguration;
			buildSettings = {
				ALWAYS_SEARCH_USER_PATHS = NO;
				CLANG_ANALYZER_NONNULL = YES;
				CLANG_ANALYZER_NUMBER_OBJECT_CONVERSION = YES_AGGRESSIVE;
				CLANG_CXX_LANGUAGE_STANDARD = "gnu++20";
				CLANG_ENABLE_MODULES = YES;
				CLANG_ENABLE_OBJC_ARC = YES;
				CLANG_ENABLE_OBJC_WEAK = YES;
				CLANG_WARN_BLOCK_CAPTURE_AUTORELEASING = YES;
				CLANG_WARN_BOOL_CONVERSION = YES;
				CLANG_WARN_COMMA = YES;
				CLANG_WARN_CONSTANT_CONVERSION = YES;
				CLANG_WARN_DEPRECATED_OBJC_IMPLEMENTATIONS = YES;
				CLANG_WARN_DIRECT_OBJC_ISA_USAGE = YES_ERROR;
				CLANG_WARN_DOCUMENTATION_COMMENTS = YES;
				CLANG_WARN_EMPTY_BODY = YES;
				CLANG_WARN_ENUM_CONVERSION = YES;
				CLANG_WARN_INFINITE_RECURSION = YES;
				CLANG_WARN_INT_CONVERSION = YES;
				CLANG_WARN_NON_LITERAL_NULL_CONVERSION = YES;
				CLANG_WARN_OBJC_IMPLICIT_RETAIN_SELF = YES;
				CLANG_WARN_OBJC_LITERAL_CONVERSION = YES;
				CLANG_WARN_OBJC_ROOT_CLASS = YES_ERROR;
				CLANG_WARN_QUOTED_INCLUDE_IN_FRAMEWORK_HEADER = YES;
				CLANG_WARN_RANGE_LOOP_ANALYSIS = YES;
				CLANG_WARN_STRICT_PROTOTYPES = YES;
				CLANG_WARN_SUSPICIOUS_MOVE = YES;
				CLANG_WARN_UNGUARDED_AVAILABILITY = YES_AGGRESSIVE;
				CLANG_WARN_UNREACHABLE_CODE = YES;
				CLANG_WARN__DUPLICATE_METHOD_MATCH = YES;
				COPY_PHASE_STRIP = NO;
				DEBUG_INFORMATION_FORMAT = "dwarf-with-dsym";
				ENABLE_NS_ASSERTIONS = NO;
				ENABLE_STRICT_OBJC_MSGSEND = YES;
				GCC_C_LANGUAGE_STANDARD = gnu11;
				GCC_NO_COMMON_BLOCKS = YES;
				GCC_WARN_64_TO_32_BIT_CONVERSION = YES;
				GCC_WARN_ABOUT_RETURN_TYPE = YES_ERROR;
				GCC_WARN_UNDECLARED_SELECTOR = YES;
				GCC_WARN_UNINITIALIZED_AUTOS = YES_AGGRESSIVE;
				GCC_WARN_UNUSED_FUNCTION = YES;
				GCC_WARN_UNUSED_VARIABLE = YES;
				IPHONEOS_DEPLOYMENT_TARGET = 16.4;
				MTL_ENABLE_DEBUG_INFO = NO;
				MTL_FAST_MATH = YES;
				SDKROOT = iphoneos;
				SWIFT_COMPILATION_MODE = wholemodule;
				SWIFT_OPTIMIZATION_LEVEL = "-O";
				VALIDATE_PRODUCT = YES;
			};
			name = Release;
		};
		166BFC2629DE5F8A00E8F2E1 /* Debug */ = {
			isa = XCBuildConfiguration;
			buildSettings = {
				ASSETCATALOG_COMPILER_APPICON_NAME = AppIcon;
				ASSETCATALOG_COMPILER_GLOBAL_ACCENT_COLOR_NAME = AccentColor;
				CODE_SIGN_STYLE = Automatic;
				CURRENT_PROJECT_VERSION = 1;
				DEVELOPMENT_ASSET_PATHS = "\"BookInfoClient/Preview Content\"";
				ENABLE_PREVIEWS = YES;
				GENERATE_INFOPLIST_FILE = YES;
				INFOPLIST_KEY_UIApplicationSceneManifest_Generation = YES;
				INFOPLIST_KEY_UIApplicationSupportsIndirectInputEvents = YES;
				INFOPLIST_KEY_UILaunchScreen_Generation = YES;
				INFOPLIST_KEY_UISupportedInterfaceOrientations_iPad = "UIInterfaceOrientationPortrait UIInterfaceOrientationPortraitUpsideDown UIInterfaceOrientationLandscapeLeft UIInterfaceOrientationLandscapeRight";
				INFOPLIST_KEY_UISupportedInterfaceOrientations_iPhone = "UIInterfaceOrientationPortrait UIInterfaceOrientationLandscapeLeft UIInterfaceOrientationLandscapeRight";
				LD_RUNPATH_SEARCH_PATHS = (
					"$(inherited)",
					"@executable_path/Frameworks",
				);
				MARKETING_VERSION = 1.0;
				PRODUCT_BUNDLE_IDENTIFIER = jp.naosan.BookInfoClient;
				PRODUCT_NAME = "$(TARGET_NAME)";
				SWIFT_EMIT_LOC_STRINGS = YES;
				SWIFT_VERSION = 5.0;
				TARGETED_DEVICE_FAMILY = "1,2";
			};
			name = Debug;
		};
		166BFC2729DE5F8A00E8F2E1 /* Release */ = {
			isa = XCBuildConfiguration;
			buildSettings = {
				ASSETCATALOG_COMPILER_APPICON_NAME = AppIcon;
				ASSETCATALOG_COMPILER_GLOBAL_ACCENT_COLOR_NAME = AccentColor;
				CODE_SIGN_STYLE = Automatic;
				CURRENT_PROJECT_VERSION = 1;
				DEVELOPMENT_ASSET_PATHS = "\"BookInfoClient/Preview Content\"";
				ENABLE_PREVIEWS = YES;
				GENERATE_INFOPLIST_FILE = YES;
				INFOPLIST_KEY_UIApplicationSceneManifest_Generation = YES;
				INFOPLIST_KEY_UIApplicationSupportsIndirectInputEvents = YES;
				INFOPLIST_KEY_UILaunchScreen_Generation = YES;
				INFOPLIST_KEY_UISupportedInterfaceOrientations_iPad = "UIInterfaceOrientationPortrait UIInterfaceOrientationPortraitUpsideDown UIInterfaceOrientationLandscapeLeft UIInterfaceOrientationLandscapeRight";
				INFOPLIST_KEY_UISupportedInterfaceOrientations_iPhone = "UIInterfaceOrientationPortrait UIInterfaceOrientationLandscapeLeft UIInterfaceOrientationLandscapeRight";
				LD_RUNPATH_SEARCH_PATHS = (
					"$(inherited)",
					"@executable_path/Frameworks",
				);
				MARKETING_VERSION = 1.0;
				PRODUCT_BUNDLE_IDENTIFIER = jp.naosan.BookInfoClient;
				PRODUCT_NAME = "$(TARGET_NAME)";
				SWIFT_EMIT_LOC_STRINGS = YES;
				SWIFT_VERSION = 5.0;
				TARGETED_DEVICE_FAMILY = "1,2";
			};
			name = Release;
		};
/* End XCBuildConfiguration section */

/* Begin XCConfigurationList section */
		166BFC1229DE5F8900E8F2E1 /* Build configuration list for PBXProject "BookInfoClient" */ = {
			isa = XCConfigurationList;
			buildConfigurations = (
				166BFC2329DE5F8A00E8F2E1 /* Debug */,
				166BFC2429DE5F8A00E8F2E1 /* Release */,
			);
			defaultConfigurationIsVisible = 0;
			defaultConfigurationName = Release;
		};
		166BFC2529DE5F8A00E8F2E1 /* Build configuration list for PBXNativeTarget "BookInfoClient" */ = {
			isa = XCConfigurationList;
			buildConfigurations = (
				166BFC2629DE5F8A00E8F2E1 /* Debug */,
				166BFC2729DE5F8A00E8F2E1 /* Release */,
			);
			defaultConfigurationIsVisible = 0;
			defaultConfigurationName = Release;
		};
/* End XCConfigurationList section */

/* Begin XCRemoteSwiftPackageReference section */
		166BFC2829DE707D00E8F2E1 /* XCRemoteSwiftPackageReference "grpc-swift" */ = {
			isa = XCRemoteSwiftPackageReference;
			repositoryURL = "https://github.com/grpc/grpc-swift";
			requirement = {
				kind = upToNextMajorVersion;
				minimumVersion = 1.0.0;
			};
		};
/* End XCRemoteSwiftPackageReference section */

/* Begin XCSwiftPackageProductDependency section */
		166BFC2929DE707D00E8F2E1 /* GRPC */ = {
			isa = XCSwiftPackageProductDependency;
			package = 166BFC2829DE707D00E8F2E1 /* XCRemoteSwiftPackageReference "grpc-swift" */;
			productName = GRPC;
		};
		166BFC2B29DE707D00E8F2E1 /* protoc-gen-grpc-swift */ = {
			isa = XCSwiftPackageProductDependency;
			package = 166BFC2829DE707D00E8F2E1 /* XCRemoteSwiftPackageReference "grpc-swift" */;
			productName = "protoc-gen-grpc-swift";
		};
/* End XCSwiftPackageProductDependency section */
	};
	rootObject = 166BFC0F29DE5F8900E8F2E1 /* Project object */;
}
